// !$*UTF8*$!
{
	archiveVersion = 1;
	classes = {
	};
	objectVersion = 56;
	objects = {

/* Begin PBXBuildFile section */
		5F032DE72C554A180045089F /* AppleClassic.swift in Sources */ = {isa = PBXBuildFile; fileRef = 5F032DE62C554A180045089F /* AppleClassic.swift */; };
		5F032DE92C554C420045089F /* RootContainer.swift in Sources */ = {isa = PBXBuildFile; fileRef = 5F032DE82C554C420045089F /* RootContainer.swift */; };
		5F032DED2C5553810045089F /* DialogExample.swift in Sources */ = {isa = PBXBuildFile; fileRef = 5F032DEC2C5553810045089F /* DialogExample.swift */; };
		5F032DEF2C5555760045089F /* AlertAndDialog.swift in Sources */ = {isa = PBXBuildFile; fileRef = 5F032DEE2C5555760045089F /* AlertAndDialog.swift */; };
		5F032DF32C5556FE0045089F /* DialogSheetExample.swift in Sources */ = {isa = PBXBuildFile; fileRef = 5F032DF22C5556FE0045089F /* DialogSheetExample.swift */; };
		5F032DF52C5558AA0045089F /* SnackbarExample.swift in Sources */ = {isa = PBXBuildFile; fileRef = 5F032DF42C5558AA0045089F /* SnackbarExample.swift */; };
		5F032DF82C555B1B0045089F /* FormControls.swift in Sources */ = {isa = PBXBuildFile; fileRef = 5F032DF72C555B1B0045089F /* FormControls.swift */; };
		5F032DFA2C555B440045089F /* CheckboxExample.swift in Sources */ = {isa = PBXBuildFile; fileRef = 5F032DF92C555B440045089F /* CheckboxExample.swift */; };
		5F032DFC2C555C0B0045089F /* DateAndTimeSelectorExample.swift in Sources */ = {isa = PBXBuildFile; fileRef = 5F032DFB2C555C0B0045089F /* DateAndTimeSelectorExample.swift */; };
		5F032DFE2C555E3D0045089F /* RadioButtonGroupExample.swift in Sources */ = {isa = PBXBuildFile; fileRef = 5F032DFD2C555E3D0045089F /* RadioButtonGroupExample.swift */; };
		5F032E002C555F890045089F /* SecureTextBoxExample.swift in Sources */ = {isa = PBXBuildFile; fileRef = 5F032DFF2C555F890045089F /* SecureTextBoxExample.swift */; };
		5F032E022C5560FB0045089F /* TextBoxExample.swift in Sources */ = {isa = PBXBuildFile; fileRef = 5F032E012C5560FB0045089F /* TextBoxExample.swift */; };
		5F032E042C5563320045089F /* SwitchExample.swift in Sources */ = {isa = PBXBuildFile; fileRef = 5F032E032C5563320045089F /* SwitchExample.swift */; };
		5F032E072C55682A0045089F /* InteractiveElements.swift in Sources */ = {isa = PBXBuildFile; fileRef = 5F032E062C55682A0045089F /* InteractiveElements.swift */; };
		5F032E092C5569D60045089F /* ActionButtonExample.swift in Sources */ = {isa = PBXBuildFile; fileRef = 5F032E082C5569D60045089F /* ActionButtonExample.swift */; };
		5F032E0B2C556EB10045089F /* DropdownMenuExample.swift in Sources */ = {isa = PBXBuildFile; fileRef = 5F032E0A2C556EB10045089F /* DropdownMenuExample.swift */; };
		5F032E0D2C5578A70045089F /* FABExample.swift in Sources */ = {isa = PBXBuildFile; fileRef = 5F032E0C2C5578A70045089F /* FABExample.swift */; };
		5F032E0F2C557A950045089F /* IconButtonExample.swift in Sources */ = {isa = PBXBuildFile; fileRef = 5F032E0E2C557A950045089F /* IconButtonExample.swift */; };
		5F9D2FE92C038BA0007558F9 /* MaterialUIKitSampleApp.swift in Sources */ = {isa = PBXBuildFile; fileRef = 5F9D2FE82C038BA0007558F9 /* MaterialUIKitSampleApp.swift */; };
		5F9D2FED2C038BA2007558F9 /* Assets.xcassets in Resources */ = {isa = PBXBuildFile; fileRef = 5F9D2FEC2C038BA2007558F9 /* Assets.xcassets */; };
		5F9D2FF02C038BA2007558F9 /* Preview Assets.xcassets in Resources */ = {isa = PBXBuildFile; fileRef = 5F9D2FEF2C038BA2007558F9 /* Preview Assets.xcassets */; };
		5F9D2FF82C038BB0007558F9 /* MaterialUIKit in Frameworks */ = {isa = PBXBuildFile; productRef = 5F9D2FF72C038BB0007558F9 /* MaterialUIKit */; };
		5FBAC1092C5628F800ABF489 /* NavigationAndStructure.swift in Sources */ = {isa = PBXBuildFile; fileRef = 5FBAC1082C5628F800ABF489 /* NavigationAndStructure.swift */; };
		5FBAC10B2C56298200ABF489 /* CollectionExample.swift in Sources */ = {isa = PBXBuildFile; fileRef = 5FBAC10A2C56298200ABF489 /* CollectionExample.swift */; };
		5FBAC10D2C5630AA00ABF489 /* ContainerExample.swift in Sources */ = {isa = PBXBuildFile; fileRef = 5FBAC10C2C5630AA00ABF489 /* ContainerExample.swift */; };
		5FBAC10F2C56337B00ABF489 /* NavigationContainerExample.swift in Sources */ = {isa = PBXBuildFile; fileRef = 5FBAC10E2C56337B00ABF489 /* NavigationContainerExample.swift */; };
		5FBAC1112C56365C00ABF489 /* SegmentedButtonsExample.swift in Sources */ = {isa = PBXBuildFile; fileRef = 5FBAC1102C56365C00ABF489 /* SegmentedButtonsExample.swift */; };
		5FBAC1132C5638F500ABF489 /* TabBarExample.swift in Sources */ = {isa = PBXBuildFile; fileRef = 5FBAC1122C5638F500ABF489 /* TabBarExample.swift */; };
		5FBAC1162C563DA500ABF489 /* PresentationAndSearch.swift in Sources */ = {isa = PBXBuildFile; fileRef = 5FBAC1152C563DA400ABF489 /* PresentationAndSearch.swift */; };
		5FBAC1182C563F0D00ABF489 /* ProgressBarExample.swift in Sources */ = {isa = PBXBuildFile; fileRef = 5FBAC1172C563F0D00ABF489 /* ProgressBarExample.swift */; };
		5FBAC11A2C563F1F00ABF489 /* SeparatorExample.swift in Sources */ = {isa = PBXBuildFile; fileRef = 5FBAC1192C563F1F00ABF489 /* SeparatorExample.swift */; };
		5FBAC11C2C563F2F00ABF489 /* SearchBoxExample.swift in Sources */ = {isa = PBXBuildFile; fileRef = 5FBAC11B2C563F2F00ABF489 /* SearchBoxExample.swift */; };
/* End PBXBuildFile section */

/* Begin PBXFileReference section */
		5F032DE62C554A180045089F /* AppleClassic.swift */ = {isa = PBXFileReference; lastKnownFileType = sourcecode.swift; path = AppleClassic.swift; sourceTree = "<group>"; };
		5F032DE82C554C420045089F /* RootContainer.swift */ = {isa = PBXFileReference; lastKnownFileType = sourcecode.swift; path = RootContainer.swift; sourceTree = "<group>"; };
		5F032DEC2C5553810045089F /* DialogExample.swift */ = {isa = PBXFileReference; lastKnownFileType = sourcecode.swift; path = DialogExample.swift; sourceTree = "<group>"; };
		5F032DEE2C5555760045089F /* AlertAndDialog.swift */ = {isa = PBXFileReference; lastKnownFileType = sourcecode.swift; path = AlertAndDialog.swift; sourceTree = "<group>"; };
		5F032DF22C5556FE0045089F /* DialogSheetExample.swift */ = {isa = PBXFileReference; lastKnownFileType = sourcecode.swift; path = DialogSheetExample.swift; sourceTree = "<group>"; };
		5F032DF42C5558AA0045089F /* SnackbarExample.swift */ = {isa = PBXFileReference; lastKnownFileType = sourcecode.swift; path = SnackbarExample.swift; sourceTree = "<group>"; };
		5F032DF72C555B1B0045089F /* FormControls.swift */ = {isa = PBXFileReference; lastKnownFileType = sourcecode.swift; path = FormControls.swift; sourceTree = "<group>"; };
		5F032DF92C555B440045089F /* CheckboxExample.swift */ = {isa = PBXFileReference; lastKnownFileType = sourcecode.swift; path = CheckboxExample.swift; sourceTree = "<group>"; };
		5F032DFB2C555C0B0045089F /* DateAndTimeSelectorExample.swift */ = {isa = PBXFileReference; lastKnownFileType = sourcecode.swift; path = DateAndTimeSelectorExample.swift; sourceTree = "<group>"; };
		5F032DFD2C555E3D0045089F /* RadioButtonGroupExample.swift */ = {isa = PBXFileReference; lastKnownFileType = sourcecode.swift; path = RadioButtonGroupExample.swift; sourceTree = "<group>"; };
		5F032DFF2C555F890045089F /* SecureTextBoxExample.swift */ = {isa = PBXFileReference; lastKnownFileType = sourcecode.swift; path = SecureTextBoxExample.swift; sourceTree = "<group>"; };
		5F032E012C5560FB0045089F /* TextBoxExample.swift */ = {isa = PBXFileReference; lastKnownFileType = sourcecode.swift; path = TextBoxExample.swift; sourceTree = "<group>"; };
		5F032E032C5563320045089F /* SwitchExample.swift */ = {isa = PBXFileReference; lastKnownFileType = sourcecode.swift; path = SwitchExample.swift; sourceTree = "<group>"; };
		5F032E062C55682A0045089F /* InteractiveElements.swift */ = {isa = PBXFileReference; lastKnownFileType = sourcecode.swift; path = InteractiveElements.swift; sourceTree = "<group>"; };
		5F032E082C5569D60045089F /* ActionButtonExample.swift */ = {isa = PBXFileReference; lastKnownFileType = sourcecode.swift; path = ActionButtonExample.swift; sourceTree = "<group>"; };
		5F032E0A2C556EB10045089F /* DropdownMenuExample.swift */ = {isa = PBXFileReference; lastKnownFileType = sourcecode.swift; path = DropdownMenuExample.swift; sourceTree = "<group>"; };
		5F032E0C2C5578A70045089F /* FABExample.swift */ = {isa = PBXFileReference; lastKnownFileType = sourcecode.swift; path = FABExample.swift; sourceTree = "<group>"; };
		5F032E0E2C557A950045089F /* IconButtonExample.swift */ = {isa = PBXFileReference; lastKnownFileType = sourcecode.swift; path = IconButtonExample.swift; sourceTree = "<group>"; };
		5F9D2FE52C038BA0007558F9 /* MaterialUIKitSample.app */ = {isa = PBXFileReference; explicitFileType = wrapper.application; includeInIndex = 0; path = MaterialUIKitSample.app; sourceTree = BUILT_PRODUCTS_DIR; };
		5F9D2FE82C038BA0007558F9 /* MaterialUIKitSampleApp.swift */ = {isa = PBXFileReference; lastKnownFileType = sourcecode.swift; path = MaterialUIKitSampleApp.swift; sourceTree = "<group>"; };
		5F9D2FEC2C038BA2007558F9 /* Assets.xcassets */ = {isa = PBXFileReference; lastKnownFileType = folder.assetcatalog; path = Assets.xcassets; sourceTree = "<group>"; };
		5F9D2FEF2C038BA2007558F9 /* Preview Assets.xcassets */ = {isa = PBXFileReference; lastKnownFileType = folder.assetcatalog; path = "Preview Assets.xcassets"; sourceTree = "<group>"; };
		5FBAC1082C5628F800ABF489 /* NavigationAndStructure.swift */ = {isa = PBXFileReference; lastKnownFileType = sourcecode.swift; path = NavigationAndStructure.swift; sourceTree = "<group>"; };
		5FBAC10A2C56298200ABF489 /* CollectionExample.swift */ = {isa = PBXFileReference; lastKnownFileType = sourcecode.swift; path = CollectionExample.swift; sourceTree = "<group>"; };
		5FBAC10C2C5630AA00ABF489 /* ContainerExample.swift */ = {isa = PBXFileReference; lastKnownFileType = sourcecode.swift; path = ContainerExample.swift; sourceTree = "<group>"; };
		5FBAC10E2C56337B00ABF489 /* NavigationContainerExample.swift */ = {isa = PBXFileReference; lastKnownFileType = sourcecode.swift; path = NavigationContainerExample.swift; sourceTree = "<group>"; };
		5FBAC1102C56365C00ABF489 /* SegmentedButtonsExample.swift */ = {isa = PBXFileReference; lastKnownFileType = sourcecode.swift; path = SegmentedButtonsExample.swift; sourceTree = "<group>"; };
		5FBAC1122C5638F500ABF489 /* TabBarExample.swift */ = {isa = PBXFileReference; lastKnownFileType = sourcecode.swift; path = TabBarExample.swift; sourceTree = "<group>"; };
		5FBAC1152C563DA400ABF489 /* PresentationAndSearch.swift */ = {isa = PBXFileReference; lastKnownFileType = sourcecode.swift; path = PresentationAndSearch.swift; sourceTree = "<group>"; };
		5FBAC1172C563F0D00ABF489 /* ProgressBarExample.swift */ = {isa = PBXFileReference; lastKnownFileType = sourcecode.swift; path = ProgressBarExample.swift; sourceTree = "<group>"; };
		5FBAC1192C563F1F00ABF489 /* SeparatorExample.swift */ = {isa = PBXFileReference; lastKnownFileType = sourcecode.swift; path = SeparatorExample.swift; sourceTree = "<group>"; };
		5FBAC11B2C563F2F00ABF489 /* SearchBoxExample.swift */ = {isa = PBXFileReference; lastKnownFileType = sourcecode.swift; path = SearchBoxExample.swift; sourceTree = "<group>"; };
/* End PBXFileReference section */

/* Begin PBXFrameworksBuildPhase section */
		5F9D2FE22C038BA0007558F9 /* Frameworks */ = {
			isa = PBXFrameworksBuildPhase;
			buildActionMask = 2147483647;
			files = (
				5F9D2FF82C038BB0007558F9 /* MaterialUIKit in Frameworks */,
			);
			runOnlyForDeploymentPostprocessing = 0;
		};
/* End PBXFrameworksBuildPhase section */

/* Begin PBXGroup section */
		5F032DEB2C5553640045089F /* Alert & Dialog */ = {
			isa = PBXGroup;
			children = (
				5F032DEE2C5555760045089F /* AlertAndDialog.swift */,
				5F032DEC2C5553810045089F /* DialogExample.swift */,
				5F032DF22C5556FE0045089F /* DialogSheetExample.swift */,
				5F032DF42C5558AA0045089F /* SnackbarExample.swift */,
			);
			path = "Alert & Dialog";
			sourceTree = "<group>";
		};
		5F032DF62C555ABA0045089F /* Form Control */ = {
			isa = PBXGroup;
			children = (
				5F032DF72C555B1B0045089F /* FormControls.swift */,
				5F032DF92C555B440045089F /* CheckboxExample.swift */,
				5F032DFB2C555C0B0045089F /* DateAndTimeSelectorExample.swift */,
				5F032DFD2C555E3D0045089F /* RadioButtonGroupExample.swift */,
				5F032DFF2C555F890045089F /* SecureTextBoxExample.swift */,
				5F032E032C5563320045089F /* SwitchExample.swift */,
				5F032E012C5560FB0045089F /* TextBoxExample.swift */,
			);
			path = "Form Control";
			sourceTree = "<group>";
		};
		5F032E052C5568180045089F /* Interactive Elements */ = {
			isa = PBXGroup;
			children = (
				5F032E062C55682A0045089F /* InteractiveElements.swift */,
				5F032E082C5569D60045089F /* ActionButtonExample.swift */,
				5F032E0A2C556EB10045089F /* DropdownMenuExample.swift */,
				5F032E0C2C5578A70045089F /* FABExample.swift */,
				5F032E0E2C557A950045089F /* IconButtonExample.swift */,
			);
			path = "Interactive Elements";
			sourceTree = "<group>";
		};
		5F9D2FDC2C038BA0007558F9 = {
			isa = PBXGroup;
			children = (
				5F9D2FE72C038BA0007558F9 /* MaterialUIKitSample */,
				5F9D2FE62C038BA0007558F9 /* Products */,
			);
			sourceTree = "<group>";
		};
		5F9D2FE62C038BA0007558F9 /* Products */ = {
			isa = PBXGroup;
			children = (
				5F9D2FE52C038BA0007558F9 /* MaterialUIKitSample.app */,
			);
			name = Products;
			sourceTree = "<group>";
		};
		5F9D2FE72C038BA0007558F9 /* MaterialUIKitSample */ = {
			isa = PBXGroup;
			children = (
				5F9D2FE82C038BA0007558F9 /* MaterialUIKitSampleApp.swift */,
				5F9D2FF92C038BD4007558F9 /* Color Scheme */,
				5F9D2FFC2C038D62007558F9 /* Components */,
				5F9D2FEC2C038BA2007558F9 /* Assets.xcassets */,
				5F9D2FEE2C038BA2007558F9 /* Preview Content */,
			);
			path = MaterialUIKitSample;
			sourceTree = "<group>";
		};
		5F9D2FEE2C038BA2007558F9 /* Preview Content */ = {
			isa = PBXGroup;
			children = (
				5F9D2FEF2C038BA2007558F9 /* Preview Assets.xcassets */,
			);
			path = "Preview Content";
			sourceTree = "<group>";
		};
		5F9D2FF92C038BD4007558F9 /* Color Scheme */ = {
			isa = PBXGroup;
			children = (
				5F032DE62C554A180045089F /* AppleClassic.swift */,
			);
			path = "Color Scheme";
			sourceTree = "<group>";
		};
		5F9D2FFC2C038D62007558F9 /* Components */ = {
			isa = PBXGroup;
			children = (
				5F032DE82C554C420045089F /* RootContainer.swift */,
				5F032DEB2C5553640045089F /* Alert & Dialog */,
				5F032DF62C555ABA0045089F /* Form Control */,
				5F032E052C5568180045089F /* Interactive Elements */,
				5FBAC1072C5628DD00ABF489 /* Navigation And Structure */,
				5FBAC1142C563D1F00ABF489 /* Presentation And Search */,
			);
			path = Components;
			sourceTree = "<group>";
		};
		5FBAC1072C5628DD00ABF489 /* Navigation And Structure */ = {
			isa = PBXGroup;
			children = (
				5FBAC1082C5628F800ABF489 /* NavigationAndStructure.swift */,
				5FBAC10A2C56298200ABF489 /* CollectionExample.swift */,
				5FBAC10C2C5630AA00ABF489 /* ContainerExample.swift */,
				5FBAC10E2C56337B00ABF489 /* NavigationContainerExample.swift */,
				5FBAC1102C56365C00ABF489 /* SegmentedButtonsExample.swift */,
				5FBAC1122C5638F500ABF489 /* TabBarExample.swift */,
			);
			path = "Navigation And Structure";
			sourceTree = "<group>";
		};
		5FBAC1142C563D1F00ABF489 /* Presentation And Search */ = {
			isa = PBXGroup;
			children = (
				5FBAC1152C563DA400ABF489 /* PresentationAndSearch.swift */,
				5FBAC1172C563F0D00ABF489 /* ProgressBarExample.swift */,
				5FBAC1192C563F1F00ABF489 /* SeparatorExample.swift */,
				5FBAC11B2C563F2F00ABF489 /* SearchBoxExample.swift */,
			);
			path = "Presentation And Search";
			sourceTree = "<group>";
		};
/* End PBXGroup section */

/* Begin PBXNativeTarget section */
		5F9D2FE42C038BA0007558F9 /* MaterialUIKitSample */ = {
			isa = PBXNativeTarget;
			buildConfigurationList = 5F9D2FF32C038BA2007558F9 /* Build configuration list for PBXNativeTarget "MaterialUIKitSample" */;
			buildPhases = (
				5F9D2FE12C038BA0007558F9 /* Sources */,
				5F9D2FE22C038BA0007558F9 /* Frameworks */,
				5F9D2FE32C038BA0007558F9 /* Resources */,
			);
			buildRules = (
			);
			dependencies = (
			);
			name = MaterialUIKitSample;
			packageProductDependencies = (
				5F9D2FF72C038BB0007558F9 /* MaterialUIKit */,
			);
			productName = MaterialUIKitSample;
			productReference = 5F9D2FE52C038BA0007558F9 /* MaterialUIKitSample.app */;
			productType = "com.apple.product-type.application";
		};
/* End PBXNativeTarget section */

/* Begin PBXProject section */
		5F9D2FDD2C038BA0007558F9 /* Project object */ = {
			isa = PBXProject;
			attributes = {
				BuildIndependentTargetsInParallel = 1;
				LastSwiftUpdateCheck = 1540;
				LastUpgradeCheck = 1540;
				TargetAttributes = {
					5F9D2FE42C038BA0007558F9 = {
						CreatedOnToolsVersion = 15.4;
					};
				};
			};
			buildConfigurationList = 5F9D2FE02C038BA0007558F9 /* Build configuration list for PBXProject "MaterialUIKitSample" */;
			compatibilityVersion = "Xcode 14.0";
			developmentRegion = en;
			hasScannedForEncodings = 0;
			knownRegions = (
				en,
				Base,
			);
			mainGroup = 5F9D2FDC2C038BA0007558F9;
			packageReferences = (
				5F9D2FF62C038BB0007558F9 /* XCRemoteSwiftPackageReference "MaterialUIKit" */,
			);
			productRefGroup = 5F9D2FE62C038BA0007558F9 /* Products */;
			projectDirPath = "";
			projectRoot = "";
			targets = (
				5F9D2FE42C038BA0007558F9 /* MaterialUIKitSample */,
			);
		};
/* End PBXProject section */

/* Begin PBXResourcesBuildPhase section */
		5F9D2FE32C038BA0007558F9 /* Resources */ = {
			isa = PBXResourcesBuildPhase;
			buildActionMask = 2147483647;
			files = (
				5F9D2FF02C038BA2007558F9 /* Preview Assets.xcassets in Resources */,
				5F9D2FED2C038BA2007558F9 /* Assets.xcassets in Resources */,
			);
			runOnlyForDeploymentPostprocessing = 0;
		};
/* End PBXResourcesBuildPhase section */

/* Begin PBXSourcesBuildPhase section */
		5F9D2FE12C038BA0007558F9 /* Sources */ = {
			isa = PBXSourcesBuildPhase;
			buildActionMask = 2147483647;
			files = (
				5F032E0D2C5578A70045089F /* FABExample.swift in Sources */,
				5F032DE72C554A180045089F /* AppleClassic.swift in Sources */,
				5F032E0B2C556EB10045089F /* DropdownMenuExample.swift in Sources */,
				5F032DED2C5553810045089F /* DialogExample.swift in Sources */,
				5F032DFC2C555C0B0045089F /* DateAndTimeSelectorExample.swift in Sources */,
				5FBAC11C2C563F2F00ABF489 /* SearchBoxExample.swift in Sources */,
				5F032DF32C5556FE0045089F /* DialogSheetExample.swift in Sources */,
				5F032E0F2C557A950045089F /* IconButtonExample.swift in Sources */,
				5FBAC1092C5628F800ABF489 /* NavigationAndStructure.swift in Sources */,
				5F032DEF2C5555760045089F /* AlertAndDialog.swift in Sources */,
				5F032DF52C5558AA0045089F /* SnackbarExample.swift in Sources */,
				5F032E072C55682A0045089F /* InteractiveElements.swift in Sources */,
				5F032E002C555F890045089F /* SecureTextBoxExample.swift in Sources */,
				5FBAC10B2C56298200ABF489 /* CollectionExample.swift in Sources */,
				5FBAC10F2C56337B00ABF489 /* NavigationContainerExample.swift in Sources */,
				5F032DF82C555B1B0045089F /* FormControls.swift in Sources */,
				5F032DFE2C555E3D0045089F /* RadioButtonGroupExample.swift in Sources */,
				5F032DE92C554C420045089F /* RootContainer.swift in Sources */,
				5F032DFA2C555B440045089F /* CheckboxExample.swift in Sources */,
				5FBAC11A2C563F1F00ABF489 /* SeparatorExample.swift in Sources */,
				5F032E092C5569D60045089F /* ActionButtonExample.swift in Sources */,
				5FBAC1162C563DA500ABF489 /* PresentationAndSearch.swift in Sources */,
				5FBAC10D2C5630AA00ABF489 /* ContainerExample.swift in Sources */,
				5F032E022C5560FB0045089F /* TextBoxExample.swift in Sources */,
				5FBAC1132C5638F500ABF489 /* TabBarExample.swift in Sources */,
				5F9D2FE92C038BA0007558F9 /* MaterialUIKitSampleApp.swift in Sources */,
				5F032E042C5563320045089F /* SwitchExample.swift in Sources */,
				5FBAC1182C563F0D00ABF489 /* ProgressBarExample.swift in Sources */,
				5FBAC1112C56365C00ABF489 /* SegmentedButtonsExample.swift in Sources */,
			);
			runOnlyForDeploymentPostprocessing = 0;
		};
/* End PBXSourcesBuildPhase section */

/* Begin XCBuildConfiguration section */
		5F9D2FF12C038BA2007558F9 /* Debug */ = {
			isa = XCBuildConfiguration;
			buildSettings = {
				ALWAYS_SEARCH_USER_PATHS = NO;
				ASSETCATALOG_COMPILER_GENERATE_SWIFT_ASSET_SYMBOL_EXTENSIONS = YES;
				CLANG_ANALYZER_NONNULL = YES;
				CLANG_ANALYZER_NUMBER_OBJECT_CONVERSION = YES_AGGRESSIVE;
				CLANG_CXX_LANGUAGE_STANDARD = "gnu++20";
				CLANG_ENABLE_MODULES = YES;
				CLANG_ENABLE_OBJC_ARC = YES;
				CLANG_ENABLE_OBJC_WEAK = YES;
				CLANG_WARN_BLOCK_CAPTURE_AUTORELEASING = YES;
				CLANG_WARN_BOOL_CONVERSION = YES;
				CLANG_WARN_COMMA = YES;
				CLANG_WARN_CONSTANT_CONVERSION = YES;
				CLANG_WARN_DEPRECATED_OBJC_IMPLEMENTATIONS = YES;
				CLANG_WARN_DIRECT_OBJC_ISA_USAGE = YES_ERROR;
				CLANG_WARN_DOCUMENTATION_COMMENTS = YES;
				CLANG_WARN_EMPTY_BODY = YES;
				CLANG_WARN_ENUM_CONVERSION = YES;
				CLANG_WARN_INFINITE_RECURSION = YES;
				CLANG_WARN_INT_CONVERSION = YES;
				CLANG_WARN_NON_LITERAL_NULL_CONVERSION = YES;
				CLANG_WARN_OBJC_IMPLICIT_RETAIN_SELF = YES;
				CLANG_WARN_OBJC_LITERAL_CONVERSION = YES;
				CLANG_WARN_OBJC_ROOT_CLASS = YES_ERROR;
				CLANG_WARN_QUOTED_INCLUDE_IN_FRAMEWORK_HEADER = YES;
				CLANG_WARN_RANGE_LOOP_ANALYSIS = YES;
				CLANG_WARN_STRICT_PROTOTYPES = YES;
				CLANG_WARN_SUSPICIOUS_MOVE = YES;
				CLANG_WARN_UNGUARDED_AVAILABILITY = YES_AGGRESSIVE;
				CLANG_WARN_UNREACHABLE_CODE = YES;
				CLANG_WARN__DUPLICATE_METHOD_MATCH = YES;
				COPY_PHASE_STRIP = NO;
				DEBUG_INFORMATION_FORMAT = dwarf;
				ENABLE_STRICT_OBJC_MSGSEND = YES;
				ENABLE_TESTABILITY = YES;
				ENABLE_USER_SCRIPT_SANDBOXING = YES;
				GCC_C_LANGUAGE_STANDARD = gnu17;
				GCC_DYNAMIC_NO_PIC = NO;
				GCC_NO_COMMON_BLOCKS = YES;
				GCC_OPTIMIZATION_LEVEL = 0;
				GCC_PREPROCESSOR_DEFINITIONS = (
					"DEBUG=1",
					"$(inherited)",
				);
				GCC_WARN_64_TO_32_BIT_CONVERSION = YES;
				GCC_WARN_ABOUT_RETURN_TYPE = YES_ERROR;
				GCC_WARN_UNDECLARED_SELECTOR = YES;
				GCC_WARN_UNINITIALIZED_AUTOS = YES_AGGRESSIVE;
				GCC_WARN_UNUSED_FUNCTION = YES;
				GCC_WARN_UNUSED_VARIABLE = YES;
				IPHONEOS_DEPLOYMENT_TARGET = 17.5;
				LOCALIZATION_PREFERS_STRING_CATALOGS = YES;
				MTL_ENABLE_DEBUG_INFO = INCLUDE_SOURCE;
				MTL_FAST_MATH = YES;
				ONLY_ACTIVE_ARCH = YES;
				SDKROOT = iphoneos;
				SWIFT_ACTIVE_COMPILATION_CONDITIONS = "DEBUG $(inherited)";
				SWIFT_OPTIMIZATION_LEVEL = "-Onone";
			};
			name = Debug;
		};
		5F9D2FF22C038BA2007558F9 /* Release */ = {
			isa = XCBuildConfiguration;
			buildSettings = {
				ALWAYS_SEARCH_USER_PATHS = NO;
				ASSETCATALOG_COMPILER_GENERATE_SWIFT_ASSET_SYMBOL_EXTENSIONS = YES;
				CLANG_ANALYZER_NONNULL = YES;
				CLANG_ANALYZER_NUMBER_OBJECT_CONVERSION = YES_AGGRESSIVE;
				CLANG_CXX_LANGUAGE_STANDARD = "gnu++20";
				CLANG_ENABLE_MODULES = YES;
				CLANG_ENABLE_OBJC_ARC = YES;
				CLANG_ENABLE_OBJC_WEAK = YES;
				CLANG_WARN_BLOCK_CAPTURE_AUTORELEASING = YES;
				CLANG_WARN_BOOL_CONVERSION = YES;
				CLANG_WARN_COMMA = YES;
				CLANG_WARN_CONSTANT_CONVERSION = YES;
				CLANG_WARN_DEPRECATED_OBJC_IMPLEMENTATIONS = YES;
				CLANG_WARN_DIRECT_OBJC_ISA_USAGE = YES_ERROR;
				CLANG_WARN_DOCUMENTATION_COMMENTS = YES;
				CLANG_WARN_EMPTY_BODY = YES;
				CLANG_WARN_ENUM_CONVERSION = YES;
				CLANG_WARN_INFINITE_RECURSION = YES;
				CLANG_WARN_INT_CONVERSION = YES;
				CLANG_WARN_NON_LITERAL_NULL_CONVERSION = YES;
				CLANG_WARN_OBJC_IMPLICIT_RETAIN_SELF = YES;
				CLANG_WARN_OBJC_LITERAL_CONVERSION = YES;
				CLANG_WARN_OBJC_ROOT_CLASS = YES_ERROR;
				CLANG_WARN_QUOTED_INCLUDE_IN_FRAMEWORK_HEADER = YES;
				CLANG_WARN_RANGE_LOOP_ANALYSIS = YES;
				CLANG_WARN_STRICT_PROTOTYPES = YES;
				CLANG_WARN_SUSPICIOUS_MOVE = YES;
				CLANG_WARN_UNGUARDED_AVAILABILITY = YES_AGGRESSIVE;
				CLANG_WARN_UNREACHABLE_CODE = YES;
				CLANG_WARN__DUPLICATE_METHOD_MATCH = YES;
				COPY_PHASE_STRIP = NO;
				DEBUG_INFORMATION_FORMAT = "dwarf-with-dsym";
				ENABLE_NS_ASSERTIONS = NO;
				ENABLE_STRICT_OBJC_MSGSEND = YES;
				ENABLE_USER_SCRIPT_SANDBOXING = YES;
				GCC_C_LANGUAGE_STANDARD = gnu17;
				GCC_NO_COMMON_BLOCKS = YES;
				GCC_WARN_64_TO_32_BIT_CONVERSION = YES;
				GCC_WARN_ABOUT_RETURN_TYPE = YES_ERROR;
				GCC_WARN_UNDECLARED_SELECTOR = YES;
				GCC_WARN_UNINITIALIZED_AUTOS = YES_AGGRESSIVE;
				GCC_WARN_UNUSED_FUNCTION = YES;
				GCC_WARN_UNUSED_VARIABLE = YES;
				IPHONEOS_DEPLOYMENT_TARGET = 17.5;
				LOCALIZATION_PREFERS_STRING_CATALOGS = YES;
				MTL_ENABLE_DEBUG_INFO = NO;
				MTL_FAST_MATH = YES;
				SDKROOT = iphoneos;
				SWIFT_COMPILATION_MODE = wholemodule;
				VALIDATE_PRODUCT = YES;
			};
			name = Release;
		};
		5F9D2FF42C038BA2007558F9 /* Debug */ = {
			isa = XCBuildConfiguration;
			buildSettings = {
				ASSETCATALOG_COMPILER_APPICON_NAME = AppIcon;
				ASSETCATALOG_COMPILER_GLOBAL_ACCENT_COLOR_NAME = AccentColor;
				CODE_SIGN_STYLE = Automatic;
				CURRENT_PROJECT_VERSION = 1;
				DEVELOPMENT_ASSET_PATHS = "\"MaterialUIKitSample/Preview Content\"";
				DEVELOPMENT_TEAM = 587F5KY57A;
				ENABLE_PREVIEWS = YES;
				GENERATE_INFOPLIST_FILE = YES;
				INFOPLIST_KEY_UIApplicationSceneManifest_Generation = YES;
				INFOPLIST_KEY_UIApplicationSupportsIndirectInputEvents = YES;
				INFOPLIST_KEY_UILaunchScreen_Generation = YES;
				INFOPLIST_KEY_UISupportedInterfaceOrientations_iPad = "UIInterfaceOrientationPortrait UIInterfaceOrientationPortraitUpsideDown UIInterfaceOrientationLandscapeLeft UIInterfaceOrientationLandscapeRight";
				INFOPLIST_KEY_UISupportedInterfaceOrientations_iPhone = "UIInterfaceOrientationPortrait UIInterfaceOrientationLandscapeLeft UIInterfaceOrientationLandscapeRight";
				LD_RUNPATH_SEARCH_PATHS = (
					"$(inherited)",
					"@executable_path/Frameworks",
				);
				MARKETING_VERSION = 1.0;
				PRODUCT_BUNDLE_IDENTIFIER = www.MaterialUIKitSample;
				PRODUCT_NAME = "$(TARGET_NAME)";
				SWIFT_EMIT_LOC_STRINGS = YES;
				SWIFT_VERSION = 5.0;
				TARGETED_DEVICE_FAMILY = "1,2";
			};
			name = Debug;
		};
		5F9D2FF52C038BA2007558F9 /* Release */ = {
			isa = XCBuildConfiguration;
			buildSettings = {
				ASSETCATALOG_COMPILER_APPICON_NAME = AppIcon;
				ASSETCATALOG_COMPILER_GLOBAL_ACCENT_COLOR_NAME = AccentColor;
				CODE_SIGN_STYLE = Automatic;
				CURRENT_PROJECT_VERSION = 1;
				DEVELOPMENT_ASSET_PATHS = "\"MaterialUIKitSample/Preview Content\"";
				DEVELOPMENT_TEAM = 587F5KY57A;
				ENABLE_PREVIEWS = YES;
				GENERATE_INFOPLIST_FILE = YES;
				INFOPLIST_KEY_UIApplicationSceneManifest_Generation = YES;
				INFOPLIST_KEY_UIApplicationSupportsIndirectInputEvents = YES;
				INFOPLIST_KEY_UILaunchScreen_Generation = YES;
				INFOPLIST_KEY_UISupportedInterfaceOrientations_iPad = "UIInterfaceOrientationPortrait UIInterfaceOrientationPortraitUpsideDown UIInterfaceOrientationLandscapeLeft UIInterfaceOrientationLandscapeRight";
				INFOPLIST_KEY_UISupportedInterfaceOrientations_iPhone = "UIInterfaceOrientationPortrait UIInterfaceOrientationLandscapeLeft UIInterfaceOrientationLandscapeRight";
				LD_RUNPATH_SEARCH_PATHS = (
					"$(inherited)",
					"@executable_path/Frameworks",
				);
				MARKETING_VERSION = 1.0;
				PRODUCT_BUNDLE_IDENTIFIER = www.MaterialUIKitSample;
				PRODUCT_NAME = "$(TARGET_NAME)";
				SWIFT_EMIT_LOC_STRINGS = YES;
				SWIFT_VERSION = 5.0;
				TARGETED_DEVICE_FAMILY = "1,2";
			};
			name = Release;
		};
/* End XCBuildConfiguration section */

/* Begin XCConfigurationList section */
		5F9D2FE02C038BA0007558F9 /* Build configuration list for PBXProject "MaterialUIKitSample" */ = {
			isa = XCConfigurationList;
			buildConfigurations = (
				5F9D2FF12C038BA2007558F9 /* Debug */,
				5F9D2FF22C038BA2007558F9 /* Release */,
			);
			defaultConfigurationIsVisible = 0;
			defaultConfigurationName = Release;
		};
		5F9D2FF32C038BA2007558F9 /* Build configuration list for PBXNativeTarget "MaterialUIKitSample" */ = {
			isa = XCConfigurationList;
			buildConfigurations = (
				5F9D2FF42C038BA2007558F9 /* Debug */,
				5F9D2FF52C038BA2007558F9 /* Release */,
			);
			defaultConfigurationIsVisible = 0;
			defaultConfigurationName = Release;
		};
/* End XCConfigurationList section */

/* Begin XCRemoteSwiftPackageReference section */
		5F9D2FF62C038BB0007558F9 /* XCRemoteSwiftPackageReference "MaterialUIKit" */ = {
			isa = XCRemoteSwiftPackageReference;
			repositoryURL = "https://github.com/aumChauhan/MaterialUIKit.git";
			requirement = {
				kind = exactVersion;
				version = 2.0.0;
			};
		};
/* End XCRemoteSwiftPackageReference section */

/* Begin XCSwiftPackageProductDependency section */
		5F9D2FF72C038BB0007558F9 /* MaterialUIKit */ = {
			isa = XCSwiftPackageProductDependency;
			package = 5F9D2FF62C038BB0007558F9 /* XCRemoteSwiftPackageReference "MaterialUIKit" */;
			productName = MaterialUIKit;
		};
/* End XCSwiftPackageProductDependency section */
	};
	rootObject = 5F9D2FDD2C038BA0007558F9 /* Project object */;
}
