{
  "originHash" : "38024d5853f2ba3c28765930db4ca51ed273c4418270027d35d1742ea83d9a26",
  "pins" : [
    {
      "identity" : "materialuikit",
      "kind" : "remoteSourceControl",
      "location" : "https://github.com/aumChauhan/MaterialUIKit.git",
      "state" : {
        "revision" : "2f49b551d9a416d28f9432db3ca9274a54df8a63",
        "version" : "2.0.0"
      }
    }
  ],
  "version" : 3
}
